
Microsoft Visual Studio Solution File, Format Version 12.00
# Visual Studio 14
VisualStudioVersion = 14.0.25420.1
MinimumVisualStudioVersion = 10.0.40219.1
Project("{FAE04EC0-301F-11D3-BF4B-00C04F79EFBC}") = "Vsd.Communication", "Vsd.Communication\Vsd.Communication.csproj", "{CF65DB54-905B-4B42-9506-15D58CA778C3}"
EndProject
Project("{FAE04EC0-301F-11D3-BF4B-00C04F79EFBC}") = "Vsd.Common", "Vsd.Common\Vsd.Common.csproj", "{CA4D8038-4A00-41AA-AA7B-D9E71B7E7547}"
EndProject
Project("{FAE04EC0-301F-11D3-BF4B-00C04F79EFBC}") = "Vsd.Master", "Vsd.Master\Vsd.Master.csproj", "{52BA99CF-FD35-49A5-8E65-C16DCBBA373B}"
EndProject
Project("{FAE04EC0-301F-11D3-BF4B-00C04F79EFBC}") = "Vsd.Slave.Leaf", "Vsd.Slave\Vsd.Slave.Leaf.csproj", "{EE601DBD-096A-4898-9886-95CAE321735A}"
EndProject
Project("{FAE04EC0-301F-11D3-BF4B-00C04F79EFBC}") = "Vsd.Slave.Node", "Vsd.Slave.Node\Vsd.Slave.Node.csproj", "{57064C98-BC3F-463E-91AF-B15EE8286B8F}"
EndProject
Global
	GlobalSection(SolutionConfigurationPlatforms) = preSolution
		Debug|Any CPU = Debug|Any CPU
		Release|Any CPU = Release|Any CPU
	EndGlobalSection
	GlobalSection(ProjectConfigurationPlatforms) = postSolution
		{CF65DB54-905B-4B42-9506-15D58CA778C3}.Debug|Any CPU.ActiveCfg = Debug|Any CPU
		{CF65DB54-905B-4B42-9506-15D58CA778C3}.Debug|Any CPU.Build.0 = Debug|Any CPU
		{CF65DB54-905B-4B42-9506-15D58CA778C3}.Release|Any CPU.ActiveCfg = Release|Any CPU
		{CF65DB54-905B-4B42-9506-15D58CA778C3}.Release|Any CPU.Build.0 = Release|Any CPU
		{CA4D8038-4A00-41AA-AA7B-D9E71B7E7547}.Debug|Any CPU.ActiveCfg = Debug|Any CPU
		{CA4D8038-4A00-41AA-AA7B-D9E71B7E7547}.Debug|Any CPU.Build.0 = Debug|Any CPU
		{CA4D8038-4A00-41AA-AA7B-D9E71B7E7547}.Release|Any CPU.ActiveCfg = Release|Any CPU
		{CA4D8038-4A00-41AA-AA7B-D9E71B7E7547}.Release|Any CPU.Build.0 = Release|Any CPU
		{52BA99CF-FD35-49A5-8E65-C16DCBBA373B}.Debug|Any CPU.ActiveCfg = Debug|Any CPU
		{52BA99CF-FD35-49A5-8E65-C16DCBBA373B}.Debug|Any CPU.Build.0 = Debug|Any CPU
		{52BA99CF-FD35-49A5-8E65-C16DCBBA373B}.Release|Any CPU.ActiveCfg = Release|Any CPU
		{52BA99CF-FD35-49A5-8E65-C16DCBBA373B}.Release|Any CPU.Build.0 = Release|Any CPU
		{EE601DBD-096A-4898-9886-95CAE321735A}.Debug|Any CPU.ActiveCfg = Debug|Any CPU
		{EE601DBD-096A-4898-9886-95CAE321735A}.Debug|Any CPU.Build.0 = Debug|Any CPU
		{EE601DBD-096A-4898-9886-95CAE321735A}.Release|Any CPU.ActiveCfg = Release|Any CPU
		{EE601DBD-096A-4898-9886-95CAE321735A}.Release|Any CPU.Build.0 = Release|Any CPU
		{57064C98-BC3F-463E-91AF-B15EE8286B8F}.Debug|Any CPU.ActiveCfg = Debug|Any CPU
		{57064C98-BC3F-463E-91AF-B15EE8286B8F}.Debug|Any CPU.Build.0 = Debug|Any CPU
		{57064C98-BC3F-463E-91AF-B15EE8286B8F}.Release|Any CPU.ActiveCfg = Release|Any CPU
		{57064C98-BC3F-463E-91AF-B15EE8286B8F}.Release|Any CPU.Build.0 = Release|Any CPU
	EndGlobalSection
	GlobalSection(SolutionProperties) = preSolution
		HideSolutionNode = FALSE
	EndGlobalSection
EndGlobal
